// !$*UTF8*$!
{
	archiveVersion = 1;
	classes = {
	};
	objectVersion = 46;
	objects = {

/* Begin PBXBuildFile section */
		B538B96518AF91BC00462C98 /* Foundation.framework in Frameworks */ = {isa = PBXBuildFile; fileRef = B538B96418AF91BC00462C98 /* Foundation.framework */; };
		B538B96718AF91BC00462C98 /* CoreGraphics.framework in Frameworks */ = {isa = PBXBuildFile; fileRef = B538B96618AF91BC00462C98 /* CoreGraphics.framework */; };
		B538B96918AF91BC00462C98 /* UIKit.framework in Frameworks */ = {isa = PBXBuildFile; fileRef = B538B96818AF91BC00462C98 /* UIKit.framework */; };
		B538B96F18AF91BC00462C98 /* InfoPlist.strings in Resources */ = {isa = PBXBuildFile; fileRef = B538B96D18AF91BC00462C98 /* InfoPlist.strings */; };
		B538B97118AF91BC00462C98 /* main.m in Sources */ = {isa = PBXBuildFile; fileRef = B538B97018AF91BC00462C98 /* main.m */; };
		B538B97518AF91BC00462C98 /* EGCircularProgressAppDelegate.m in Sources */ = {isa = PBXBuildFile; fileRef = B538B97418AF91BC00462C98 /* EGCircularProgressAppDelegate.m */; };
		B538B97818AF91BC00462C98 /* Main.storyboard in Resources */ = {isa = PBXBuildFile; fileRef = B538B97618AF91BC00462C98 /* Main.storyboard */; };
		B538B97B18AF91BC00462C98 /* EGCircularProgressViewController.m in Sources */ = {isa = PBXBuildFile; fileRef = B538B97A18AF91BC00462C98 /* EGCircularProgressViewController.m */; };
		B538B97D18AF91BC00462C98 /* Images.xcassets in Resources */ = {isa = PBXBuildFile; fileRef = B538B97C18AF91BC00462C98 /* Images.xcassets */; };
		B538B98418AF91BC00462C98 /* XCTest.framework in Frameworks */ = {isa = PBXBuildFile; fileRef = B538B98318AF91BC00462C98 /* XCTest.framework */; };
		B538B98518AF91BC00462C98 /* Foundation.framework in Frameworks */ = {isa = PBXBuildFile; fileRef = B538B96418AF91BC00462C98 /* Foundation.framework */; };
		B538B98618AF91BC00462C98 /* UIKit.framework in Frameworks */ = {isa = PBXBuildFile; fileRef = B538B96818AF91BC00462C98 /* UIKit.framework */; };
		B538B98E18AF91BC00462C98 /* InfoPlist.strings in Resources */ = {isa = PBXBuildFile; fileRef = B538B98C18AF91BC00462C98 /* InfoPlist.strings */; };
		B538B99018AF91BC00462C98 /* CircularProgressTests.m in Sources */ = {isa = PBXBuildFile; fileRef = B538B98F18AF91BC00462C98 /* CircularProgressTests.m */; };
		B538B99D18AF97EC00462C98 /* EGCircularProgressControl.m in Sources */ = {isa = PBXBuildFile; fileRef = B538B99C18AF97EC00462C98 /* EGCircularProgressControl.m */; };
		B5F8494B18B3D5FB00832663 /* EGCircularProgressOld.m in Sources */ = {isa = PBXBuildFile; fileRef = B5F8494A18B3D5FB00832663 /* EGCircularProgressOld.m */; };
/* End PBXBuildFile section */

/* Begin PBXContainerItemProxy section */
		B538B98718AF91BC00462C98 /* PBXContainerItemProxy */ = {
			isa = PBXContainerItemProxy;
			containerPortal = B538B95918AF91BC00462C98 /* Project object */;
			proxyType = 1;
			remoteGlobalIDString = B538B96018AF91BC00462C98;
			remoteInfo = CircularProgress;
		};
/* End PBXContainerItemProxy section */

/* Begin PBXFileReference section */
		B538B96118AF91BC00462C98 /* CircularProgress.app */ = {isa = PBXFileReference; explicitFileType = wrapper.application; includeInIndex = 0; path = CircularProgress.app; sourceTree = BUILT_PRODUCTS_DIR; };
		B538B96418AF91BC00462C98 /* Foundation.framework */ = {isa = PBXFileReference; lastKnownFileType = wrapper.framework; name = Foundation.framework; path = System/Library/Frameworks/Foundation.framework; sourceTree = SDKROOT; };
		B538B96618AF91BC00462C98 /* CoreGraphics.framework */ = {isa = PBXFileReference; lastKnownFileType = wrapper.framework; name = CoreGraphics.framework; path = System/Library/Frameworks/CoreGraphics.framework; sourceTree = SDKROOT; };
		B538B96818AF91BC00462C98 /* UIKit.framework */ = {isa = PBXFileReference; lastKnownFileType = wrapper.framework; name = UIKit.framework; path = System/Library/Frameworks/UIKit.framework; sourceTree = SDKROOT; };
		B538B96C18AF91BC00462C98 /* CircularProgress-Info.plist */ = {isa = PBXFileReference; lastKnownFileType = text.plist.xml; path = "CircularProgress-Info.plist"; sourceTree = "<group>"; };
		B538B96E18AF91BC00462C98 /* en */ = {isa = PBXFileReference; lastKnownFileType = text.plist.strings; name = en; path = en.lproj/InfoPlist.strings; sourceTree = "<group>"; };
		B538B97018AF91BC00462C98 /* main.m */ = {isa = PBXFileReference; lastKnownFileType = sourcecode.c.objc; path = main.m; sourceTree = "<group>"; };
		B538B97218AF91BC00462C98 /* CircularProgress-Prefix.pch */ = {isa = PBXFileReference; lastKnownFileType = sourcecode.c.h; path = "CircularProgress-Prefix.pch"; sourceTree = "<group>"; };
		B538B97318AF91BC00462C98 /* EGCircularProgressAppDelegate.h */ = {isa = PBXFileReference; lastKnownFileType = sourcecode.c.h; path = EGCircularProgressAppDelegate.h; sourceTree = "<group>"; };
		B538B97418AF91BC00462C98 /* EGCircularProgressAppDelegate.m */ = {isa = PBXFileReference; lastKnownFileType = sourcecode.c.objc; path = EGCircularProgressAppDelegate.m; sourceTree = "<group>"; };
		B538B97718AF91BC00462C98 /* Base */ = {isa = PBXFileReference; lastKnownFileType = file.storyboard; name = Base; path = Base.lproj/Main.storyboard; sourceTree = "<group>"; };
		B538B97918AF91BC00462C98 /* EGCircularProgressViewController.h */ = {isa = PBXFileReference; lastKnownFileType = sourcecode.c.h; path = EGCircularProgressViewController.h; sourceTree = "<group>"; };
		B538B97A18AF91BC00462C98 /* EGCircularProgressViewController.m */ = {isa = PBXFileReference; lastKnownFileType = sourcecode.c.objc; path = EGCircularProgressViewController.m; sourceTree = "<group>"; };
		B538B97C18AF91BC00462C98 /* Images.xcassets */ = {isa = PBXFileReference; lastKnownFileType = folder.assetcatalog; path = Images.xcassets; sourceTree = "<group>"; };
		B538B98218AF91BC00462C98 /* CircularProgressTests.xctest */ = {isa = PBXFileReference; explicitFileType = wrapper.cfbundle; includeInIndex = 0; path = CircularProgressTests.xctest; sourceTree = BUILT_PRODUCTS_DIR; };
		B538B98318AF91BC00462C98 /* XCTest.framework */ = {isa = PBXFileReference; lastKnownFileType = wrapper.framework; name = XCTest.framework; path = Library/Frameworks/XCTest.framework; sourceTree = DEVELOPER_DIR; };
		B538B98B18AF91BC00462C98 /* CircularProgressTests-Info.plist */ = {isa = PBXFileReference; lastKnownFileType = text.plist.xml; path = "CircularProgressTests-Info.plist"; sourceTree = "<group>"; };
		B538B98D18AF91BC00462C98 /* en */ = {isa = PBXFileReference; lastKnownFileType = text.plist.strings; name = en; path = en.lproj/InfoPlist.strings; sourceTree = "<group>"; };
		B538B98F18AF91BC00462C98 /* CircularProgressTests.m */ = {isa = PBXFileReference; lastKnownFileType = sourcecode.c.objc; path = CircularProgressTests.m; sourceTree = "<group>"; };
		B538B99B18AF97EC00462C98 /* EGCircularProgressControl.h */ = {isa = PBXFileReference; fileEncoding = 4; lastKnownFileType = sourcecode.c.h; path = EGCircularProgressControl.h; sourceTree = "<group>"; };
		B538B99C18AF97EC00462C98 /* EGCircularProgressControl.m */ = {isa = PBXFileReference; fileEncoding = 4; lastKnownFileType = sourcecode.c.objc; path = EGCircularProgressControl.m; sourceTree = "<group>"; };
		B5F8494918B3D5FB00832663 /* EGCircularProgressOld.h */ = {isa = PBXFileReference; fileEncoding = 4; lastKnownFileType = sourcecode.c.h; path = EGCircularProgressOld.h; sourceTree = "<group>"; };
		B5F8494A18B3D5FB00832663 /* EGCircularProgressOld.m */ = {isa = PBXFileReference; fileEncoding = 4; lastKnownFileType = sourcecode.c.objc; path = EGCircularProgressOld.m; sourceTree = "<group>"; };
/* End PBXFileReference section */

/* Begin PBXFrameworksBuildPhase section */
		B538B95E18AF91BC00462C98 /* Frameworks */ = {
			isa = PBXFrameworksBuildPhase;
			buildActionMask = 2147483647;
			files = (
				B538B96718AF91BC00462C98 /* CoreGraphics.framework in Frameworks */,
				B538B96918AF91BC00462C98 /* UIKit.framework in Frameworks */,
				B538B96518AF91BC00462C98 /* Foundation.framework in Frameworks */,
			);
			runOnlyForDeploymentPostprocessing = 0;
		};
		B538B97F18AF91BC00462C98 /* Frameworks */ = {
			isa = PBXFrameworksBuildPhase;
			buildActionMask = 2147483647;
			files = (
				B538B98418AF91BC00462C98 /* XCTest.framework in Frameworks */,
				B538B98618AF91BC00462C98 /* UIKit.framework in Frameworks */,
				B538B98518AF91BC00462C98 /* Foundation.framework in Frameworks */,
			);
			runOnlyForDeploymentPostprocessing = 0;
		};
/* End PBXFrameworksBuildPhase section */

/* Begin PBXGroup section */
		B538B95818AF91BC00462C98 = {
			isa = PBXGroup;
			children = (
				B538B96A18AF91BC00462C98 /* CircularProgress */,
				B538B98918AF91BC00462C98 /* CircularProgressTests */,
				B538B96318AF91BC00462C98 /* Frameworks */,
				B538B96218AF91BC00462C98 /* Products */,
			);
			sourceTree = "<group>";
		};
		B538B96218AF91BC00462C98 /* Products */ = {
			isa = PBXGroup;
			children = (
				B538B96118AF91BC00462C98 /* CircularProgress.app */,
				B538B98218AF91BC00462C98 /* CircularProgressTests.xctest */,
			);
			name = Products;
			sourceTree = "<group>";
		};
		B538B96318AF91BC00462C98 /* Frameworks */ = {
			isa = PBXGroup;
			children = (
				B538B96418AF91BC00462C98 /* Foundation.framework */,
				B538B96618AF91BC00462C98 /* CoreGraphics.framework */,
				B538B96818AF91BC00462C98 /* UIKit.framework */,
				B538B98318AF91BC00462C98 /* XCTest.framework */,
			);
			name = Frameworks;
			sourceTree = "<group>";
		};
		B538B96A18AF91BC00462C98 /* CircularProgress */ = {
			isa = PBXGroup;
			children = (
				B538B99A18AF91E900462C98 /* View Controllers */,
				B538B99918AF91E200462C98 /* Views */,
				B538B97318AF91BC00462C98 /* EGCircularProgressAppDelegate.h */,
				B538B97418AF91BC00462C98 /* EGCircularProgressAppDelegate.m */,
				B538B97618AF91BC00462C98 /* Main.storyboard */,
				B538B97C18AF91BC00462C98 /* Images.xcassets */,
				B538B96B18AF91BC00462C98 /* Supporting Files */,
			);
			path = CircularProgress;
			sourceTree = "<group>";
		};
		B538B96B18AF91BC00462C98 /* Supporting Files */ = {
			isa = PBXGroup;
			children = (
				B538B96C18AF91BC00462C98 /* CircularProgress-Info.plist */,
				B538B96D18AF91BC00462C98 /* InfoPlist.strings */,
				B538B97018AF91BC00462C98 /* main.m */,
				B538B97218AF91BC00462C98 /* CircularProgress-Prefix.pch */,
			);
			name = "Supporting Files";
			sourceTree = "<group>";
		};
		B538B98918AF91BC00462C98 /* CircularProgressTests */ = {
			isa = PBXGroup;
			children = (
				B538B98F18AF91BC00462C98 /* CircularProgressTests.m */,
				B538B98A18AF91BC00462C98 /* Supporting Files */,
			);
			path = CircularProgressTests;
			sourceTree = "<group>";
		};
		B538B98A18AF91BC00462C98 /* Supporting Files */ = {
			isa = PBXGroup;
			children = (
				B538B98B18AF91BC00462C98 /* CircularProgressTests-Info.plist */,
				B538B98C18AF91BC00462C98 /* InfoPlist.strings */,
			);
			name = "Supporting Files";
			sourceTree = "<group>";
		};
		B538B99918AF91E200462C98 /* Views */ = {
			isa = PBXGroup;
			children = (
				B538B99B18AF97EC00462C98 /* EGCircularProgressControl.h */,
				B538B99C18AF97EC00462C98 /* EGCircularProgressControl.m */,
				B5F8494918B3D5FB00832663 /* EGCircularProgressOld.h */,
				B5F8494A18B3D5FB00832663 /* EGCircularProgressOld.m */,
			);
			name = Views;
			sourceTree = "<group>";
		};
		B538B99A18AF91E900462C98 /* View Controllers */ = {
			isa = PBXGroup;
			children = (
				B538B97918AF91BC00462C98 /* EGCircularProgressViewController.h */,
				B538B97A18AF91BC00462C98 /* EGCircularProgressViewController.m */,
			);
			name = "View Controllers";
			sourceTree = "<group>";
		};
/* End PBXGroup section */

/* Begin PBXNativeTarget section */
		B538B96018AF91BC00462C98 /* CircularProgress */ = {
			isa = PBXNativeTarget;
			buildConfigurationList = B538B99318AF91BC00462C98 /* Build configuration list for PBXNativeTarget "CircularProgress" */;
			buildPhases = (
				B538B95D18AF91BC00462C98 /* Sources */,
				B538B95E18AF91BC00462C98 /* Frameworks */,
				B538B95F18AF91BC00462C98 /* Resources */,
			);
			buildRules = (
			);
			dependencies = (
			);
			name = CircularProgress;
			productName = CircularProgress;
			productReference = B538B96118AF91BC00462C98 /* CircularProgress.app */;
			productType = "com.apple.product-type.application";
		};
		B538B98118AF91BC00462C98 /* CircularProgressTests */ = {
			isa = PBXNativeTarget;
			buildConfigurationList = B538B99618AF91BC00462C98 /* Build configuration list for PBXNativeTarget "CircularProgressTests" */;
			buildPhases = (
				B538B97E18AF91BC00462C98 /* Sources */,
				B538B97F18AF91BC00462C98 /* Frameworks */,
				B538B98018AF91BC00462C98 /* Resources */,
			);
			buildRules = (
			);
			dependencies = (
				B538B98818AF91BC00462C98 /* PBXTargetDependency */,
			);
			name = CircularProgressTests;
			productName = CircularProgressTests;
			productReference = B538B98218AF91BC00462C98 /* CircularProgressTests.xctest */;
			productType = "com.apple.product-type.bundle.unit-test";
		};
/* End PBXNativeTarget section */

/* Begin PBXProject section */
		B538B95918AF91BC00462C98 /* Project object */ = {
			isa = PBXProject;
			attributes = {
				CLASSPREFIX = EGCircularProgress;
				LastUpgradeCheck = 0510;
				ORGANIZATIONNAME = "Emma Guy";
				TargetAttributes = {
					B538B98118AF91BC00462C98 = {
						TestTargetID = B538B96018AF91BC00462C98;
					};
				};
			};
			buildConfigurationList = B538B95C18AF91BC00462C98 /* Build configuration list for PBXProject "CircularProgress" */;
			compatibilityVersion = "Xcode 3.2";
			developmentRegion = English;
			hasScannedForEncodings = 0;
			knownRegions = (
				en,
				Base,
			);
			mainGroup = B538B95818AF91BC00462C98;
			productRefGroup = B538B96218AF91BC00462C98 /* Products */;
			projectDirPath = "";
			projectRoot = "";
			targets = (
				B538B96018AF91BC00462C98 /* CircularProgress */,
				B538B98118AF91BC00462C98 /* CircularProgressTests */,
			);
		};
/* End PBXProject section */

/* Begin PBXResourcesBuildPhase section */
		B538B95F18AF91BC00462C98 /* Resources */ = {
			isa = PBXResourcesBuildPhase;
			buildActionMask = 2147483647;
			files = (
				B538B97D18AF91BC00462C98 /* Images.xcassets in Resources */,
				B538B96F18AF91BC00462C98 /* InfoPlist.strings in Resources */,
				B538B97818AF91BC00462C98 /* Main.storyboard in Resources */,
			);
			runOnlyForDeploymentPostprocessing = 0;
		};
		B538B98018AF91BC00462C98 /* Resources */ = {
			isa = PBXResourcesBuildPhase;
			buildActionMask = 2147483647;
			files = (
				B538B98E18AF91BC00462C98 /* InfoPlist.strings in Resources */,
			);
			runOnlyForDeploymentPostprocessing = 0;
		};
/* End PBXResourcesBuildPhase section */

/* Begin PBXSourcesBuildPhase section */
		B538B95D18AF91BC00462C98 /* Sources */ = {
			isa = PBXSourcesBuildPhase;
			buildActionMask = 2147483647;
			files = (
				B538B97518AF91BC00462C98 /* EGCircularProgressAppDelegate.m in Sources */,
				B5F8494B18B3D5FB00832663 /* EGCircularProgressOld.m in Sources */,
				B538B99D18AF97EC00462C98 /* EGCircularProgressControl.m in Sources */,
				B538B97118AF91BC00462C98 /* main.m in Sources */,
				B538B97B18AF91BC00462C98 /* EGCircularProgressViewController.m in Sources */,
			);
			runOnlyForDeploymentPostprocessing = 0;
		};
		B538B97E18AF91BC00462C98 /* Sources */ = {
			isa = PBXSourcesBuildPhase;
			buildActionMask = 2147483647;
			files = (
				B538B99018AF91BC00462C98 /* CircularProgressTests.m in Sources */,
			);
			runOnlyForDeploymentPostprocessing = 0;
		};
/* End PBXSourcesBuildPhase section */

/* Begin PBXTargetDependency section */
		B538B98818AF91BC00462C98 /* PBXTargetDependency */ = {
			isa = PBXTargetDependency;
			target = B538B96018AF91BC00462C98 /* CircularProgress */;
			targetProxy = B538B98718AF91BC00462C98 /* PBXContainerItemProxy */;
		};
/* End PBXTargetDependency section */

/* Begin PBXVariantGroup section */
		B538B96D18AF91BC00462C98 /* InfoPlist.strings */ = {
			isa = PBXVariantGroup;
			children = (
				B538B96E18AF91BC00462C98 /* en */,
			);
			name = InfoPlist.strings;
			sourceTree = "<group>";
		};
		B538B97618AF91BC00462C98 /* Main.storyboard */ = {
			isa = PBXVariantGroup;
			children = (
				B538B97718AF91BC00462C98 /* Base */,
			);
			name = Main.storyboard;
			sourceTree = "<group>";
		};
		B538B98C18AF91BC00462C98 /* InfoPlist.strings */ = {
			isa = PBXVariantGroup;
			children = (
				B538B98D18AF91BC00462C98 /* en */,
			);
			name = InfoPlist.strings;
			sourceTree = "<group>";
		};
/* End PBXVariantGroup section */

/* Begin XCBuildConfiguration section */
		B538B99118AF91BC00462C98 /* Debug */ = {
			isa = XCBuildConfiguration;
			buildSettings = {
				ALWAYS_SEARCH_USER_PATHS = NO;
				CLANG_CXX_LANGUAGE_STANDARD = "gnu++0x";
				CLANG_CXX_LIBRARY = "libc++";
				CLANG_ENABLE_MODULES = YES;
				CLANG_ENABLE_OBJC_ARC = YES;
				CLANG_WARN_BOOL_CONVERSION = YES;
				CLANG_WARN_CONSTANT_CONVERSION = YES;
				CLANG_WARN_DIRECT_OBJC_ISA_USAGE = YES_ERROR;
				CLANG_WARN_EMPTY_BODY = YES;
				CLANG_WARN_ENUM_CONVERSION = YES;
				CLANG_WARN_INT_CONVERSION = YES;
				CLANG_WARN_OBJC_ROOT_CLASS = YES_ERROR;
				CLANG_WARN__DUPLICATE_METHOD_MATCH = YES;
				"CODE_SIGN_IDENTITY[sdk=iphoneos*]" = "iPhone Developer";
				COPY_PHASE_STRIP = NO;
				GCC_C_LANGUAGE_STANDARD = gnu99;
				GCC_DYNAMIC_NO_PIC = NO;
				GCC_OPTIMIZATION_LEVEL = 0;
				GCC_PREPROCESSOR_DEFINITIONS = (
					"DEBUG=1",
					"$(inherited)",
				);
				GCC_SYMBOLS_PRIVATE_EXTERN = NO;
				GCC_WARN_64_TO_32_BIT_CONVERSION = YES;
				GCC_WARN_ABOUT_RETURN_TYPE = YES_ERROR;
				GCC_WARN_UNDECLARED_SELECTOR = YES;
				GCC_WARN_UNINITIALIZED_AUTOS = YES_AGGRESSIVE;
				GCC_WARN_UNUSED_FUNCTION = YES;
				GCC_WARN_UNUSED_VARIABLE = YES;
				IPHONEOS_DEPLOYMENT_TARGET = 7.1;
				ONLY_ACTIVE_ARCH = YES;
				SDKROOT = iphoneos;
			};
			name = Debug;
		};
		B538B99218AF91BC00462C98 /* Release */ = {
			isa = XCBuildConfiguration;
			buildSettings = {
				ALWAYS_SEARCH_USER_PATHS = NO;
				CLANG_CXX_LANGUAGE_STANDARD = "gnu++0x";
				CLANG_CXX_LIBRARY = "libc++";
				CLANG_ENABLE_MODULES = YES;
				CLANG_ENABLE_OBJC_ARC = YES;
				CLANG_WARN_BOOL_CONVERSION = YES;
				CLANG_WARN_CONSTANT_CONVERSION = YES;
				CLANG_WARN_DIRECT_OBJC_ISA_USAGE = YES_ERROR;
				CLANG_WARN_EMPTY_BODY = YES;
				CLANG_WARN_ENUM_CONVERSION = YES;
				CLANG_WARN_INT_CONVERSION = YES;
				CLANG_WARN_OBJC_ROOT_CLASS = YES_ERROR;
				CLANG_WARN__DUPLICATE_METHOD_MATCH = YES;
				"CODE_SIGN_IDENTITY[sdk=iphoneos*]" = "iPhone Developer";
				COPY_PHASE_STRIP = YES;
				ENABLE_NS_ASSERTIONS = NO;
				GCC_C_LANGUAGE_STANDARD = gnu99;
				GCC_WARN_64_TO_32_BIT_CONVERSION = YES;
				GCC_WARN_ABOUT_RETURN_TYPE = YES_ERROR;
				GCC_WARN_UNDECLARED_SELECTOR = YES;
				GCC_WARN_UNINITIALIZED_AUTOS = YES_AGGRESSIVE;
				GCC_WARN_UNUSED_FUNCTION = YES;
				GCC_WARN_UNUSED_VARIABLE = YES;
				IPHONEOS_DEPLOYMENT_TARGET = 7.1;
				SDKROOT = iphoneos;
				VALIDATE_PRODUCT = YES;
			};
			name = Release;
		};
		B538B99418AF91BC00462C98 /* Debug */ = {
			isa = XCBuildConfiguration;
			buildSettings = {
				ASSETCATALOG_COMPILER_APPICON_NAME = AppIcon;
				ASSETCATALOG_COMPILER_LAUNCHIMAGE_NAME = LaunchImage;
				GCC_PRECOMPILE_PREFIX_HEADER = YES;
				GCC_PREFIX_HEADER = "CircularProgress/CircularProgress-Prefix.pch";
				INFOPLIST_FILE = "CircularProgress/CircularProgress-Info.plist";
				PRODUCT_NAME = "$(TARGET_NAME)";
				WRAPPER_EXTENSION = app;
			};
			name = Debug;
		};
		B538B99518AF91BC00462C98 /* Release */ = {
			isa = XCBuildConfiguration;
			buildSettings = {
				ASSETCATALOG_COMPILER_APPICON_NAME = AppIcon;
				ASSETCATALOG_COMPILER_LAUNCHIMAGE_NAME = LaunchImage;
				GCC_PRECOMPILE_PREFIX_HEADER = YES;
				GCC_PREFIX_HEADER = "CircularProgress/CircularProgress-Prefix.pch";
				INFOPLIST_FILE = "CircularProgress/CircularProgress-Info.plist";
				PRODUCT_NAME = "$(TARGET_NAME)";
				WRAPPER_EXTENSION = app;
			};
			name = Release;
		};
		B538B99718AF91BC00462C98 /* Debug */ = {
			isa = XCBuildConfiguration;
			buildSettings = {
				BUNDLE_LOADER = "$(BUILT_PRODUCTS_DIR)/CircularProgress.app/CircularProgress";
				FRAMEWORK_SEARCH_PATHS = (
					"$(SDKROOT)/Developer/Library/Frameworks",
					"$(inherited)",
					"$(DEVELOPER_FRAMEWORKS_DIR)",
				);
				GCC_PRECOMPILE_PREFIX_HEADER = YES;
				GCC_PREFIX_HEADER = "CircularProgress/CircularProgress-Prefix.pch";
				GCC_PREPROCESSOR_DEFINITIONS = (
					"DEBUG=1",
					"$(inherited)",
				);
				INFOPLIST_FILE = "CircularProgressTests/CircularProgressTests-Info.plist";
				PRODUCT_NAME = "$(TARGET_NAME)";
				TEST_HOST = "$(BUNDLE_LOADER)";
				WRAPPER_EXTENSION = xctest;
			};
			name = Debug;
		};
		B538B99818AF91BC00462C98 /* Release */ = {
			isa = XCBuildConfiguration;
			buildSettings = {
				BUNDLE_LOADER = "$(BUILT_PRODUCTS_DIR)/CircularProgress.app/CircularProgress";
				FRAMEWORK_SEARCH_PATHS = (
					"$(SDKROOT)/Developer/Library/Frameworks",
					"$(inherited)",
					"$(DEVELOPER_FRAMEWORKS_DIR)",
				);
				GCC_PRECOMPILE_PREFIX_HEADER = YES;
				GCC_PREFIX_HEADER = "CircularProgress/CircularProgress-Prefix.pch";
				INFOPLIST_FILE = "CircularProgressTests/CircularProgressTests-Info.plist";
				PRODUCT_NAME = "$(TARGET_NAME)";
				TEST_HOST = "$(BUNDLE_LOADER)";
				WRAPPER_EXTENSION = xctest;
			};
			name = Release;
		};
/* End XCBuildConfiguration section */

/* Begin XCConfigurationList section */
		B538B95C18AF91BC00462C98 /* Build configuration list for PBXProject "CircularProgress" */ = {
			isa = XCConfigurationList;
			buildConfigurations = (
				B538B99118AF91BC00462C98 /* Debug */,
				B538B99218AF91BC00462C98 /* Release */,
			);
			defaultConfigurationIsVisible = 0;
			defaultConfigurationName = Release;
		};
		B538B99318AF91BC00462C98 /* Build configuration list for PBXNativeTarget "CircularProgress" */ = {
			isa = XCConfigurationList;
			buildConfigurations = (
				B538B99418AF91BC00462C98 /* Debug */,
				B538B99518AF91BC00462C98 /* Release */,
			);
			defaultConfigurationIsVisible = 0;
			defaultConfigurationName = Release;
		};
		B538B99618AF91BC00462C98 /* Build configuration list for PBXNativeTarget "CircularProgressTests" */ = {
			isa = XCConfigurationList;
			buildConfigurations = (
				B538B99718AF91BC00462C98 /* Debug */,
				B538B99818AF91BC00462C98 /* Release */,
			);
			defaultConfigurationIsVisible = 0;
			defaultConfigurationName = Release;
		};
/* End XCConfigurationList section */
	};
	rootObject = B538B95918AF91BC00462C98 /* Project object */;
}
